
Microsoft Visual Studio Solution File, Format Version 11.00
# Visual C++ Express 2010
Project("{8BC9CEB8-8B4A-11D0-8D11-00A0C91BC942}") = "interception", "interception.vcxproj", "{E0D6CA48-741E-4640-BADD-E132F39405D4}"
EndProject
Global
	GlobalSection(SolutionConfigurationPlatforms) = preSolution
		dynamic debug|ia64 = dynamic debug|ia64
		dynamic debug|x64 = dynamic debug|x64
		dynamic debug|x86 = dynamic debug|x86
		dynamic release|ia64 = dynamic release|ia64
		dynamic release|x64 = dynamic release|x64
		dynamic release|x86 = dynamic release|x86
		static debug|ia64 = static debug|ia64
		static debug|x64 = static debug|x64
		static debug|x86 = static debug|x86
		static release|ia64 = static release|ia64
		static release|x64 = static release|x64
		static release|x86 = static release|x86
	EndGlobalSection
	GlobalSection(ProjectConfigurationPlatforms) = postSolution
		{E0D6CA48-741E-4640-BADD-E132F39405D4}.dynamic debug|ia64.ActiveCfg = dynamic debug|Itanium
		{E0D6CA48-741E-4640-BADD-E132F39405D4}.dynamic debug|ia64.Build.0 = dynamic debug|Itanium
		{E0D6CA48-741E-4640-BADD-E132F39405D4}.dynamic debug|x64.ActiveCfg = dynamic debug|x64
		{E0D6CA48-741E-4640-BADD-E132F39405D4}.dynamic debug|x64.Build.0 = dynamic debug|x64
		{E0D6CA48-741E-4640-BADD-E132F39405D4}.dynamic debug|x86.ActiveCfg = dynamic debug|Win32
		{E0D6CA48-741E-4640-BADD-E132F39405D4}.dynamic debug|x86.Build.0 = dynamic debug|Win32
		{E0D6CA48-741E-4640-BADD-E132F39405D4}.dynamic release|ia64.ActiveCfg = dynamic release|Itanium
		{E0D6CA48-741E-4640-BADD-E132F39405D4}.dynamic release|ia64.Build.0 = dynamic release|Itanium
		{E0D6CA48-741E-4640-BADD-E132F39405D4}.dynamic release|x64.ActiveCfg = dynamic release|x64
		{E0D6CA48-741E-4640-BADD-E132F39405D4}.dynamic release|x64.Build.0 = dynamic release|x64
		{E0D6CA48-741E-4640-BADD-E132F39405D4}.dynamic release|x86.ActiveCfg = dynamic release|Win32
		{E0D6CA48-741E-4640-BADD-E132F39405D4}.dynamic release|x86.Build.0 = dynamic release|Win32
		{E0D6CA48-741E-4640-BADD-E132F39405D4}.static debug|ia64.ActiveCfg = static debug|Itanium
		{E0D6CA48-741E-4640-BADD-E132F39405D4}.static debug|ia64.Build.0 = static debug|Itanium
		{E0D6CA48-741E-4640-BADD-E132F39405D4}.static debug|x64.ActiveCfg = static debug|x64
		{E0D6CA48-741E-4640-BADD-E132F39405D4}.static debug|x64.Build.0 = static debug|x64
		{E0D6CA48-741E-4640-BADD-E132F39405D4}.static debug|x86.ActiveCfg = static debug|Win32
		{E0D6CA48-741E-4640-BADD-E132F39405D4}.static debug|x86.Build.0 = static debug|Win32
		{E0D6CA48-741E-4640-BADD-E132F39405D4}.static release|ia64.ActiveCfg = static release|Itanium
		{E0D6CA48-741E-4640-BADD-E132F39405D4}.static release|ia64.Build.0 = static release|Itanium
		{E0D6CA48-741E-4640-BADD-E132F39405D4}.static release|x64.ActiveCfg = static release|x64
		{E0D6CA48-741E-4640-BADD-E132F39405D4}.static release|x64.Build.0 = static release|x64
		{E0D6CA48-741E-4640-BADD-E132F39405D4}.static release|x86.ActiveCfg = static release|Win32
		{E0D6CA48-741E-4640-BADD-E132F39405D4}.static release|x86.Build.0 = static release|Win32
	EndGlobalSection
	GlobalSection(SolutionProperties) = preSolution
		HideSolutionNode = FALSE
	EndGlobalSection
EndGlobal
